{
  "name": "@awwwesome-cz/whats-new-kit",
  "version": "2.0.0",
  "lockfileVersion": 2,
  "requires": true,
  "packages": {
    "": {
      "name": "@awwwesome-cz/whats-new-kit",
      "version": "2.0.0",
      "dependencies": {
        "tslib": "^2.3.0"
      },
      "devDependencies": {
        "@capacitor/core": "^4.0.0",
        "@capacitor/preferences": "^4.0.0",
        "@ionic/angular": "^6.0.0"
      },
      "peerDependencies": {
        "@angular/common": "^15.0.0",
        "@angular/core": "^15.0.0",
        "@capacitor/core": "^4.0.0",
        "@capacitor/preferences": "^4.0.0",
        "@ionic/angular": "^6.0.0"
      }
    },
    "node_modules/@angular/common": {
      "version": "15.1.2",
      "resolved": "https://registry.npmjs.org/@angular/common/-/common-15.1.2.tgz",
      "integrity": "sha512-1Ra6EoaZjPcdDsGBge3qSajO1ECYceX+2EWHdjvJ9ZEIaXsLNFMQBUMgJnjsnrojs9Gd3bxJ0WHkahij5/8WNA==",
      "peer": true,
      "dependencies": {
        "tslib": "^2.3.0"
      },
      "engines": {
        "node": "^14.20.0 || ^16.13.0 || >=18.10.0"
      },
      "peerDependencies": {
        "@angular/core": "15.1.2",
        "rxjs": "^6.5.3 || ^7.4.0"
      }
    },
    "node_modules/@angular/core": {
      "version": "15.1.2",
      "resolved": "https://registry.npmjs.org/@angular/core/-/core-15.1.2.tgz",
      "integrity": "sha512-K9pz6Bq6RuY/OWhKLZT1JQvk4orvU9wozgXY8cZaOGmNCQQ7sJv5zGkO5csO6o1ON1v/AHowrP/FAF1i8tml5g==",
      "peer": true,
      "dependencies": {
        "tslib": "^2.3.0"
      },
      "engines": {
        "node": "^14.20.0 || ^16.13.0 || >=18.10.0"
      },
      "peerDependencies": {
        "rxjs": "^6.5.3 || ^7.4.0",
        "zone.js": "~0.11.4 || ~0.12.0"
      }
    },
    "node_modules/@angular/forms": {
      "version": "15.1.2",
      "resolved": "https://registry.npmjs.org/@angular/forms/-/forms-15.1.2.tgz",
      "integrity": "sha512-ZL3EkCQ2SDrv9hdyPX54WPiTf9SQpkKz4bn/Gxe6lySLy0oHR5Te68DPMljWBeHYa+cNTCDdPN81AKLIDjRQtA==",
      "dev": true,
      "peer": true,
      "dependencies": {
        "tslib": "^2.3.0"
      },
      "engines": {
        "node": "^14.20.0 || ^16.13.0 || >=18.10.0"
      },
      "peerDependencies": {
        "@angular/common": "15.1.2",
        "@angular/core": "15.1.2",
        "@angular/platform-browser": "15.1.2",
        "rxjs": "^6.5.3 || ^7.4.0"
      }
    },
    "node_modules/@angular/platform-browser": {
      "version": "15.1.2",
      "resolved": "https://registry.npmjs.org/@angular/platform-browser/-/platform-browser-15.1.2.tgz",
      "integrity": "sha512-eWyfUOFZ05vB0UfPUTPK7pPJZjFtbGZlJOea3IUqEohuyRqq3CqYCrv7SVXGKQVOx1qRA0Ckr9FOB8/qYbTq1A==",
      "dev": true,
      "peer": true,
      "dependencies": {
        "tslib": "^2.3.0"
      },
      "engines": {
        "node": "^14.20.0 || ^16.13.0 || >=18.10.0"
      },
      "peerDependencies": {
        "@angular/animations": "15.1.2",
        "@angular/common": "15.1.2",
        "@angular/core": "15.1.2"
      },
      "peerDependenciesMeta": {
        "@angular/animations": {
          "optional": true
        }
      }
    },
    "node_modules/@angular/router": {
      "version": "15.1.2",
      "resolved": "https://registry.npmjs.org/@angular/router/-/router-15.1.2.tgz",
      "integrity": "sha512-p2tTHYvBsMaayJNWAZMBqrL7jwxs6NQaEDImBtMwnOnQr/M+LwQdAeNFfpky20ODZw0JwTW84q04l8klExq0kw==",
      "dev": true,
      "peer": true,
      "dependencies": {
        "tslib": "^2.3.0"
      },
      "engines": {
        "node": "^14.20.0 || ^16.13.0 || >=18.10.0"
      },
      "peerDependencies": {
        "@angular/common": "15.1.2",
        "@angular/core": "15.1.2",
        "@angular/platform-browser": "15.1.2",
        "rxjs": "^6.5.3 || ^7.4.0"
      }
    },
    "node_modules/@capacitor/core": {
      "version": "4.6.2",
      "resolved": "https://registry.npmjs.org/@capacitor/core/-/core-4.6.2.tgz",
      "integrity": "sha512-M/KpAg+peft/HTb7svLiKHxjbll67ybs1vEqhZuvjXlwro53NxNXR4YJS7+wNXZSiA4Kxjtf+a754xGgZcMarA==",
      "dev": true,
      "dependencies": {
        "tslib": "^2.1.0"
      }
    },
    "node_modules/@capacitor/preferences": {
      "version": "4.0.2",
      "resolved": "https://registry.npmjs.org/@capacitor/preferences/-/preferences-4.0.2.tgz",
      "integrity": "sha512-HgcRkMdVHSIV3TeQLZFmCaCeMWQ25wLyZZ7dA2f8Rw81Q1Nroxsi7HxTEGNqrWKSN9PNKBJD8vChr6eB2GNtZg==",
      "dev": true,
      "peerDependencies": {
        "@capacitor/core": "^4.0.0"
      }
    },
    "node_modules/@ionic/angular": {
      "version": "6.1.13",
      "resolved": "https://registry.npmjs.org/@ionic/angular/-/angular-6.1.13.tgz",
      "integrity": "sha512-oMw0KY8WXFpqBpr5V0Hc3Em073PJgAFASkcGriUBrvlACh1qjXT9/c/I4ENZsUZnDBCtsHiuSrqGaopWkze9tQ==",
      "dev": true,
      "dependencies": {
        "@ionic/core": "^6.1.13",
        "jsonc-parser": "^3.0.0",
        "tslib": "^2.0.0"
      },
      "peerDependencies": {
        "@angular/core": ">=12.0.0",
        "@angular/forms": ">=12.0.0",
        "@angular/router": ">=12.0.0",
        "rxjs": ">=6.6.0",
        "zone.js": ">=0.11.0"
      }
    },
    "node_modules/@ionic/angular/node_modules/tslib": {
      "version": "2.4.0",
      "resolved": "https://registry.npmjs.org/tslib/-/tslib-2.4.0.tgz",
      "integrity": "sha512-d6xOpEDfsi2CZVlPQzGeux8XMwLT9hssAsaPYExaQMuYskwb+x1x7J371tWlbBdWHroy99KnVB6qIkUbs5X3UQ==",
      "dev": true
    },
    "node_modules/@ionic/core": {
      "version": "6.1.13",
      "resolved": "https://registry.npmjs.org/@ionic/core/-/core-6.1.13.tgz",
      "integrity": "sha512-CZ5P1El/bk6ZDKqey/67/ZgpUhVQTr+WyhGxFTnPCsIWg+VfOogQ7rHCkEqWfXJqdzNPsvtH5/Lck4qoD0nCkg==",
      "dev": true,
      "dependencies": {
        "@stencil/core": "^2.16.0",
        "ionicons": "^6.0.2",
        "tslib": "^2.1.0"
      }
    },
    "node_modules/@ionic/core/node_modules/tslib": {
      "version": "2.4.0",
      "resolved": "https://registry.npmjs.org/tslib/-/tslib-2.4.0.tgz",
      "integrity": "sha512-d6xOpEDfsi2CZVlPQzGeux8XMwLT9hssAsaPYExaQMuYskwb+x1x7J371tWlbBdWHroy99KnVB6qIkUbs5X3UQ==",
      "dev": true
    },
    "node_modules/@stencil/core": {
      "version": "2.17.1",
      "resolved": "https://registry.npmjs.org/@stencil/core/-/core-2.17.1.tgz",
      "integrity": "sha512-ErjQsNALgZQ9SYeBHhqwL1UO+Zbptwl3kwrRJC2tGlc3G/T6UvPuaKr+PGsqI+CZGia+0+R5EELQvFu74mYeIg==",
      "dev": true,
      "bin": {
        "stencil": "bin/stencil"
      },
      "engines": {
        "node": ">=12.10.0",
        "npm": ">=6.0.0"
      }
    },
    "node_modules/ionicons": {
      "version": "6.0.2",
      "resolved": "https://registry.npmjs.org/ionicons/-/ionicons-6.0.2.tgz",
      "integrity": "sha512-AyKfFaUKVoBz4eB8XkU7H1R5HFnVsgq5ijqSdbXC0lES9PDK/J6LUQz6XUJq0mVVQF5k9kczSPOLMW3mszG0mQ==",
      "dev": true,
      "dependencies": {
        "@stencil/core": "~2.16.0"
      }
    },
    "node_modules/ionicons/node_modules/@stencil/core": {
      "version": "2.16.1",
      "resolved": "https://registry.npmjs.org/@stencil/core/-/core-2.16.1.tgz",
      "integrity": "sha512-s/UJp9qxExL3DyQPT70kiuWeb3AdjbUZM+5lEIXn30I2DLcLYPOPXfsoWJODieQywq+3vPiLZeIdkoqjf6jcSw==",
      "dev": true,
      "bin": {
        "stencil": "bin/stencil"
      },
      "engines": {
        "node": ">=12.10.0",
        "npm": ">=6.0.0"
      }
    },
    "node_modules/jsonc-parser": {
      "version": "3.1.0",
      "resolved": "https://registry.npmjs.org/jsonc-parser/-/jsonc-parser-3.1.0.tgz",
      "integrity": "sha512-DRf0QjnNeCUds3xTjKlQQ3DpJD51GvDjJfnxUVWg6PZTo2otSm+slzNAxU/35hF8/oJIKoG9slq30JYOsF2azg==",
      "dev": true
    },
    "node_modules/rxjs": {
      "version": "7.8.0",
      "resolved": "https://registry.npmjs.org/rxjs/-/rxjs-7.8.0.tgz",
      "integrity": "sha512-F2+gxDshqmIub1KdvZkaEfGDwLNpPvk9Fs6LD/MyQxNgMds/WH9OdDDXOmxUZpME+iSK3rQCctkL0DYyytUqMg==",
      "peer": true,
      "dependencies": {
        "tslib": "^2.1.0"
      }
    },
    "node_modules/tslib": {
      "version": "2.4.0",
      "resolved": "https://registry.npmjs.org/tslib/-/tslib-2.4.0.tgz",
      "integrity": "sha512-d6xOpEDfsi2CZVlPQzGeux8XMwLT9hssAsaPYExaQMuYskwb+x1x7J371tWlbBdWHroy99KnVB6qIkUbs5X3UQ=="
    },
    "node_modules/zone.js": {
      "version": "0.11.8",
      "resolved": "https://registry.npmjs.org/zone.js/-/zone.js-0.11.8.tgz",
      "integrity": "sha512-82bctBg2hKcEJ21humWIkXRlLBBmrc3nN7DFh5LGGhcyycO2S7FN8NmdvlcKaGFDNVL4/9kFLmwmInTavdJERA==",
      "peer": true,
      "dependencies": {
        "tslib": "^2.3.0"
      }
    }
  },
  "dependencies": {
    "@angular/common": {
      "version": "15.1.2",
      "resolved": "https://registry.npmjs.org/@angular/common/-/common-15.1.2.tgz",
      "integrity": "sha512-1Ra6EoaZjPcdDsGBge3qSajO1ECYceX+2EWHdjvJ9ZEIaXsLNFMQBUMgJnjsnrojs9Gd3bxJ0WHkahij5/8WNA==",
      "peer": true,
      "requires": {
        "tslib": "^2.3.0"
      }
    },
    "@angular/core": {
      "version": "15.1.2",
      "resolved": "https://registry.npmjs.org/@angular/core/-/core-15.1.2.tgz",
      "integrity": "sha512-K9pz6Bq6RuY/OWhKLZT1JQvk4orvU9wozgXY8cZaOGmNCQQ7sJv5zGkO5csO6o1ON1v/AHowrP/FAF1i8tml5g==",
      "peer": true,
      "requires": {
        "tslib": "^2.3.0"
      }
    },
    "@angular/forms": {
      "version": "15.1.2",
      "resolved": "https://registry.npmjs.org/@angular/forms/-/forms-15.1.2.tgz",
      "integrity": "sha512-ZL3EkCQ2SDrv9hdyPX54WPiTf9SQpkKz4bn/Gxe6lySLy0oHR5Te68DPMljWBeHYa+cNTCDdPN81AKLIDjRQtA==",
      "dev": true,
      "peer": true,
      "requires": {
        "tslib": "^2.3.0"
      }
    },
    "@angular/platform-browser": {
      "version": "15.1.2",
      "resolved": "https://registry.npmjs.org/@angular/platform-browser/-/platform-browser-15.1.2.tgz",
      "integrity": "sha512-eWyfUOFZ05vB0UfPUTPK7pPJZjFtbGZlJOea3IUqEohuyRqq3CqYCrv7SVXGKQVOx1qRA0Ckr9FOB8/qYbTq1A==",
      "dev": true,
      "peer": true,
      "requires": {
        "tslib": "^2.3.0"
      }
    },
    "@angular/router": {
      "version": "15.1.2",
      "resolved": "https://registry.npmjs.org/@angular/router/-/router-15.1.2.tgz",
      "integrity": "sha512-p2tTHYvBsMaayJNWAZMBqrL7jwxs6NQaEDImBtMwnOnQr/M+LwQdAeNFfpky20ODZw0JwTW84q04l8klExq0kw==",
      "dev": true,
      "peer": true,
      "requires": {
        "tslib": "^2.3.0"
      }
    },
    "@capacitor/core": {
      "version": "4.6.2",
      "resolved": "https://registry.npmjs.org/@capacitor/core/-/core-4.6.2.tgz",
      "integrity": "sha512-M/KpAg+peft/HTb7svLiKHxjbll67ybs1vEqhZuvjXlwro53NxNXR4YJS7+wNXZSiA4Kxjtf+a754xGgZcMarA==",
      "dev": true,
      "requires": {
        "tslib": "^2.1.0"
      }
    },
    "@capacitor/preferences": {
      "version": "4.0.2",
      "resolved": "https://registry.npmjs.org/@capacitor/preferences/-/preferences-4.0.2.tgz",
      "integrity": "sha512-HgcRkMdVHSIV3TeQLZFmCaCeMWQ25wLyZZ7dA2f8Rw81Q1Nroxsi7HxTEGNqrWKSN9PNKBJD8vChr6eB2GNtZg==",
      "dev": true,
      "requires": {}
    },
    "@ionic/angular": {
      "version": "6.1.13",
      "resolved": "https://registry.npmjs.org/@ionic/angular/-/angular-6.1.13.tgz",
      "integrity": "sha512-oMw0KY8WXFpqBpr5V0Hc3Em073PJgAFASkcGriUBrvlACh1qjXT9/c/I4ENZsUZnDBCtsHiuSrqGaopWkze9tQ==",
      "dev": true,
      "requires": {
        "@ionic/core": "^6.1.13",
        "jsonc-parser": "^3.0.0",
        "tslib": "^2.0.0"
      },
      "dependencies": {
        "tslib": {
          "version": "2.4.0",
          "resolved": "https://registry.npmjs.org/tslib/-/tslib-2.4.0.tgz",
          "integrity": "sha512-d6xOpEDfsi2CZVlPQzGeux8XMwLT9hssAsaPYExaQMuYskwb+x1x7J371tWlbBdWHroy99KnVB6qIkUbs5X3UQ==",
          "dev": true
        }
      }
    },
    "@ionic/core": {
      "version": "6.1.13",
      "resolved": "https://registry.npmjs.org/@ionic/core/-/core-6.1.13.tgz",
      "integrity": "sha512-CZ5P1El/bk6ZDKqey/67/ZgpUhVQTr+WyhGxFTnPCsIWg+VfOogQ7rHCkEqWfXJqdzNPsvtH5/Lck4qoD0nCkg==",
      "dev": true,
      "requires": {
        "@stencil/core": "^2.16.0",
        "ionicons": "^6.0.2",
        "tslib": "^2.1.0"
      },
      "dependencies": {
        "tslib": {
          "version": "2.4.0",
          "resolved": "https://registry.npmjs.org/tslib/-/tslib-2.4.0.tgz",
          "integrity": "sha512-d6xOpEDfsi2CZVlPQzGeux8XMwLT9hssAsaPYExaQMuYskwb+x1x7J371tWlbBdWHroy99KnVB6qIkUbs5X3UQ==",
          "dev": true
        }
      }
    },
    "@stencil/core": {
      "version": "2.17.1",
      "resolved": "https://registry.npmjs.org/@stencil/core/-/core-2.17.1.tgz",
      "integrity": "sha512-ErjQsNALgZQ9SYeBHhqwL1UO+Zbptwl3kwrRJC2tGlc3G/T6UvPuaKr+PGsqI+CZGia+0+R5EELQvFu74mYeIg==",
      "dev": true
    },
    "ionicons": {
      "version": "6.0.2",
      "resolved": "https://registry.npmjs.org/ionicons/-/ionicons-6.0.2.tgz",
      "integrity": "sha512-AyKfFaUKVoBz4eB8XkU7H1R5HFnVsgq5ijqSdbXC0lES9PDK/J6LUQz6XUJq0mVVQF5k9kczSPOLMW3mszG0mQ==",
      "dev": true,
      "requires": {
        "@stencil/core": "~2.16.0"
      },
      "dependencies": {
        "@stencil/core": {
          "version": "2.16.1",
          "resolved": "https://registry.npmjs.org/@stencil/core/-/core-2.16.1.tgz",
          "integrity": "sha512-s/UJp9qxExL3DyQPT70kiuWeb3AdjbUZM+5lEIXn30I2DLcLYPOPXfsoWJODieQywq+3vPiLZeIdkoqjf6jcSw==",
          "dev": true
        }
      }
    },
    "jsonc-parser": {
      "version": "3.1.0",
      "resolved": "https://registry.npmjs.org/jsonc-parser/-/jsonc-parser-3.1.0.tgz",
      "integrity": "sha512-DRf0QjnNeCUds3xTjKlQQ3DpJD51GvDjJfnxUVWg6PZTo2otSm+slzNAxU/35hF8/oJIKoG9slq30JYOsF2azg==",
      "dev": true
    },
    "rxjs": {
      "version": "7.8.0",
      "resolved": "https://registry.npmjs.org/rxjs/-/rxjs-7.8.0.tgz",
      "integrity": "sha512-F2+gxDshqmIub1KdvZkaEfGDwLNpPvk9Fs6LD/MyQxNgMds/WH9OdDDXOmxUZpME+iSK3rQCctkL0DYyytUqMg==",
      "peer": true,
      "requires": {
        "tslib": "^2.1.0"
      }
    },
    "tslib": {
      "version": "2.4.0",
      "resolved": "https://registry.npmjs.org/tslib/-/tslib-2.4.0.tgz",
      "integrity": "sha512-d6xOpEDfsi2CZVlPQzGeux8XMwLT9hssAsaPYExaQMuYskwb+x1x7J371tWlbBdWHroy99KnVB6qIkUbs5X3UQ=="
    },
    "zone.js": {
      "version": "0.11.8",
      "resolved": "https://registry.npmjs.org/zone.js/-/zone.js-0.11.8.tgz",
      "integrity": "sha512-82bctBg2hKcEJ21humWIkXRlLBBmrc3nN7DFh5LGGhcyycO2S7FN8NmdvlcKaGFDNVL4/9kFLmwmInTavdJERA==",
      "peer": true,
      "requires": {
        "tslib": "^2.3.0"
      }
    }
  }
}
