{
  "name": "whats-new-kit",
  "version": "0.0.1",
  "lockfileVersion": 1,
  "requires": true,
  "dependencies": {
    "@capacitor/storage": {
      "version": "1.2.5",
      "resolved": "https://registry.npmjs.org/@capacitor/storage/-/storage-1.2.5.tgz",
      "integrity": "sha512-pWhnw4U7wN/zFV4lA4BLMypSufTktCbk548Yk4whSb0KAq3R0mLfSubRIHkGdcPqQWCsM6g/zUuszurhz6ncWQ==",
      "dev": true
    },
    "@ionic/angular": {
      "version": "6.1.13",
      "resolved": "https://registry.npmjs.org/@ionic/angular/-/angular-6.1.13.tgz",
      "integrity": "sha512-oMw0KY8WXFpqBpr5V0Hc3Em073PJgAFASkcGriUBrvlACh1qjXT9/c/I4ENZsUZnDBCtsHiuSrqGaopWkze9tQ==",
      "dev": true,
      "requires": {
        "@ionic/core": "^6.1.13",
        "jsonc-parser": "^3.0.0",
        "tslib": "^2.0.0"
      },
      "dependencies": {
        "tslib": {
          "version": "2.4.0",
          "resolved": "https://registry.npmjs.org/tslib/-/tslib-2.4.0.tgz",
          "integrity": "sha512-d6xOpEDfsi2CZVlPQzGeux8XMwLT9hssAsaPYExaQMuYskwb+x1x7J371tWlbBdWHroy99KnVB6qIkUbs5X3UQ==",
          "dev": true
        }
      }
    },
    "@ionic/core": {
      "version": "6.1.13",
      "resolved": "https://registry.npmjs.org/@ionic/core/-/core-6.1.13.tgz",
      "integrity": "sha512-CZ5P1El/bk6ZDKqey/67/ZgpUhVQTr+WyhGxFTnPCsIWg+VfOogQ7rHCkEqWfXJqdzNPsvtH5/Lck4qoD0nCkg==",
      "dev": true,
      "requires": {
        "@stencil/core": "^2.16.0",
        "ionicons": "^6.0.2",
        "tslib": "^2.1.0"
      },
      "dependencies": {
        "tslib": {
          "version": "2.4.0",
          "resolved": "https://registry.npmjs.org/tslib/-/tslib-2.4.0.tgz",
          "integrity": "sha512-d6xOpEDfsi2CZVlPQzGeux8XMwLT9hssAsaPYExaQMuYskwb+x1x7J371tWlbBdWHroy99KnVB6qIkUbs5X3UQ==",
          "dev": true
        }
      }
    },
    "@stencil/core": {
      "version": "2.17.1",
      "resolved": "https://registry.npmjs.org/@stencil/core/-/core-2.17.1.tgz",
      "integrity": "sha512-ErjQsNALgZQ9SYeBHhqwL1UO+Zbptwl3kwrRJC2tGlc3G/T6UvPuaKr+PGsqI+CZGia+0+R5EELQvFu74mYeIg==",
      "dev": true
    },
    "ionicons": {
      "version": "6.0.2",
      "resolved": "https://registry.npmjs.org/ionicons/-/ionicons-6.0.2.tgz",
      "integrity": "sha512-AyKfFaUKVoBz4eB8XkU7H1R5HFnVsgq5ijqSdbXC0lES9PDK/J6LUQz6XUJq0mVVQF5k9kczSPOLMW3mszG0mQ==",
      "dev": true,
      "requires": {
        "@stencil/core": "~2.16.0"
      },
      "dependencies": {
        "@stencil/core": {
          "version": "2.16.1",
          "resolved": "https://registry.npmjs.org/@stencil/core/-/core-2.16.1.tgz",
          "integrity": "sha512-s/UJp9qxExL3DyQPT70kiuWeb3AdjbUZM+5lEIXn30I2DLcLYPOPXfsoWJODieQywq+3vPiLZeIdkoqjf6jcSw==",
          "dev": true
        }
      }
    },
    "jsonc-parser": {
      "version": "3.1.0",
      "resolved": "https://registry.npmjs.org/jsonc-parser/-/jsonc-parser-3.1.0.tgz",
      "integrity": "sha512-DRf0QjnNeCUds3xTjKlQQ3DpJD51GvDjJfnxUVWg6PZTo2otSm+slzNAxU/35hF8/oJIKoG9slq30JYOsF2azg==",
      "dev": true
    },
    "tslib": {
      "version": "2.4.0",
      "resolved": "https://registry.npmjs.org/tslib/-/tslib-2.4.0.tgz",
      "integrity": "sha512-d6xOpEDfsi2CZVlPQzGeux8XMwLT9hssAsaPYExaQMuYskwb+x1x7J371tWlbBdWHroy99KnVB6qIkUbs5X3UQ=="
    }
  }
}
